hash: a1525f9a9ed22287854c009e8254dec5e611d5152008c9f1f053821824ee2fae
updated: 2017-08-23T17:37:51.074427757+05:30
imports:
- name: github.com/go-chi/chi
  version: ba73ba0623af32e4e5f09880177e73bd78d98852
  subpackages:
  - middleware
- name: github.com/namsral/flag
  version: 71ceffbeb0ba60fccc853971bb3ed4d7d90bfd04
- name: github.com/sirupsen/logrus
  version: 89742aefa4b206dcf400792f3bd35b542998eb3b
- name: golang.org/x/crypto
  version: eb71ad9bd329b5ac0fd0148dd99bd62e8be8e035
  subpackages:
  - ssh/terminal
- name: golang.org/x/sys
  version: 07c182904dbd53199946ba614a412c61d3c548f5
  subpackages:
  - unix
  - windows
testImports: []
